
Microsoft Visual Studio Solution File, Format Version 12.00
# Visual Studio Version 17
VisualStudioVersion = 17.9.34728.123
MinimumVisualStudioVersion = 10.0.40219.1
Project("{8BC9CEB8-8B4A-11D0-8D11-00A0C91BC942}") = "WindowsGame", "WindowsGame\WindowsGame.vcxproj", "{5A1B8394-EB26-406D-8136-CB87FCF10877}"
EndProject
Global
	GlobalSection(SolutionConfigurationPlatforms) = preSolution
		Debug_Academy|x64 = Debug_Academy|x64
		Debug_Academy|x86 = Debug_Academy|x86
		Debug|x64 = Debug|x64
		Debug|x86 = Debug|x86
		Release|x64 = Release|x64
		Release|x86 = Release|x86
	EndGlobalSection
	GlobalSection(ProjectConfigurationPlatforms) = postSolution
		{5A1B8394-EB26-406D-8136-CB87FCF10877}.Debug_Academy|x64.ActiveCfg = Debug_Academy|x64
		{5A1B8394-EB26-406D-8136-CB87FCF10877}.Debug_Academy|x64.Build.0 = Debug_Academy|x64
		{5A1B8394-EB26-406D-8136-CB87FCF10877}.Debug_Academy|x86.ActiveCfg = Debug_Academy|Win32
		{5A1B8394-EB26-406D-8136-CB87FCF10877}.Debug_Academy|x86.Build.0 = Debug_Academy|Win32
		{5A1B8394-EB26-406D-8136-CB87FCF10877}.Debug|x64.ActiveCfg = Debug|x64
		{5A1B8394-EB26-406D-8136-CB87FCF10877}.Debug|x64.Build.0 = Debug|x64
		{5A1B8394-EB26-406D-8136-CB87FCF10877}.Debug|x86.ActiveCfg = Debug|Win32
		{5A1B8394-EB26-406D-8136-CB87FCF10877}.Debug|x86.Build.0 = Debug|Win32
		{5A1B8394-EB26-406D-8136-CB87FCF10877}.Release|x64.ActiveCfg = Release|x64
		{5A1B8394-EB26-406D-8136-CB87FCF10877}.Release|x64.Build.0 = Release|x64
		{5A1B8394-EB26-406D-8136-CB87FCF10877}.Release|x86.ActiveCfg = Release|Win32
		{5A1B8394-EB26-406D-8136-CB87FCF10877}.Release|x86.Build.0 = Release|Win32
	EndGlobalSection
	GlobalSection(SolutionProperties) = preSolution
		HideSolutionNode = FALSE
	EndGlobalSection
	GlobalSection(ExtensibilityGlobals) = postSolution
		SolutionGuid = {4C196404-26DE-4FC3-A865-1004956BEACD}
	EndGlobalSection
EndGlobal
